{
  "originHash" : "cc56753d9729ab17fe892c0d1872524eaa979218d1c96fe77587da68c3581048",
  "pins" : [
    {
      "identity" : "chartview",
      "kind" : "remoteSourceControl",
      "location" : "https://github.com/AppPear/ChartView",
      "state" : {
        "revision" : "9115a992c91fa19cbb4f2241084240d38654a1fc",
        "version" : "1.5.5"
      }
    },
    {
      "identity" : "plaid-link-ios",
      "kind" : "remoteSourceControl",
      "location" : "https://github.com/plaid/plaid-link-ios",
      "state" : {
        "revision" : "e79c1f0fd233d3c4393a90655157ebeefb5372fc",
        "version" : "5.6.1"
      }
    },
    {
      "identity" : "realm-core",
      "kind" : "remoteSourceControl",
      "location" : "https://github.com/realm/realm-core.git",
      "state" : {
        "revision" : "dea51e1e9b2219689cf27b44a0206135b984f9cf",
        "version" : "14.11.1"
      }
    },
    {
      "identity" : "realm-swift",
      "kind" : "remoteSourceControl",
      "location" : "https://github.com/realm/realm-swift.git",
      "state" : {
        "branch" : "master",
        "revision" : "95c99a826aa06dae3ca40011491afd5acf890ad5"
      }
    },
    {
      "identity" : "swift-collections",
      "kind" : "remoteSourceControl",
      "location" : "https://github.com/apple/swift-collections.git",
      "state" : {
        "revision" : "3d2dc41a01f9e49d84f0a3925fb858bed64f702d",
        "version" : "1.1.2"
      }
    },
    {
      "identity" : "swiftuifonticon",
      "kind" : "remoteSourceControl",
      "location" : "https://github.com/huybuidac/SwiftUIFontIcon",
      "state" : {
        "revision" : "4f170fbf443d985ae518a14a12ec8194ec6b08eb",
        "version" : "2.1.0"
      }
    }
  ],
  "version" : 3
}
