// !$*UTF8*$!
{
	archiveVersion = 1;
	classes = {
	};
	objectVersion = 56;
	objects = {

/* Begin PBXBuildFile section */
		6D3F6FA42C18B2F400611177 /* Collections in Frameworks */ = {isa = PBXBuildFile; productRef = 6D3F6FA32C18B2F400611177 /* Collections */; };
		6D3F6FA62C18E46A00611177 /* TransactionListViewModel.swift in Sources */ = {isa = PBXBuildFile; fileRef = 6D3F6FA52C18E46A00611177 /* TransactionListViewModel.swift */; };
		6D46A0B62C12052D00F951A1 /* BabkaApp.swift in Sources */ = {isa = PBXBuildFile; fileRef = 6D46A0B52C12052D00F951A1 /* BabkaApp.swift */; };
		6D46A0B82C12052D00F951A1 /* ContentView.swift in Sources */ = {isa = PBXBuildFile; fileRef = 6D46A0B72C12052D00F951A1 /* ContentView.swift */; };
		6D46A0BA2C12052F00F951A1 /* Assets.xcassets in Resources */ = {isa = PBXBuildFile; fileRef = 6D46A0B92C12052F00F951A1 /* Assets.xcassets */; };
		6D46A0BD2C12052F00F951A1 /* Preview Assets.xcassets in Resources */ = {isa = PBXBuildFile; fileRef = 6D46A0BC2C12052F00F951A1 /* Preview Assets.xcassets */; };
		6D46A0C72C12052F00F951A1 /* BabkaTests.swift in Sources */ = {isa = PBXBuildFile; fileRef = 6D46A0C62C12052F00F951A1 /* BabkaTests.swift */; };
		6D46A0D12C12052F00F951A1 /* BabkaUITests.swift in Sources */ = {isa = PBXBuildFile; fileRef = 6D46A0D02C12052F00F951A1 /* BabkaUITests.swift */; };
		6D46A0D32C12052F00F951A1 /* BabkaUITestsLaunchTests.swift in Sources */ = {isa = PBXBuildFile; fileRef = 6D46A0D22C12052F00F951A1 /* BabkaUITestsLaunchTests.swift */; };
		6D46A0E12C12088400F951A1 /* MongoDBConfig.swift in Sources */ = {isa = PBXBuildFile; fileRef = 6D46A0E02C12088400F951A1 /* MongoDBConfig.swift */; };
		6D46A0E42C1208D800F951A1 /* RealmSwift in Frameworks */ = {isa = PBXBuildFile; productRef = 6D46A0E32C1208D800F951A1 /* RealmSwift */; };
		6D46A0E62C12090A00F951A1 /* atlasConfig.plist in Resources */ = {isa = PBXBuildFile; fileRef = 6D46A0E52C12090A00F951A1 /* atlasConfig.plist */; };
		6D46A0EA2C120C8900F951A1 /* RealmSwift in Embed Frameworks */ = {isa = PBXBuildFile; productRef = 6D46A0E32C1208D800F951A1 /* RealmSwift */; settings = {ATTRIBUTES = (CodeSignOnCopy, ); }; };
		6D46A0F12C120FDF00F951A1 /* TransactionListView.swift in Sources */ = {isa = PBXBuildFile; fileRef = 6D46A0F02C120FDF00F951A1 /* TransactionListView.swift */; };
		6D46A0F32C120FE700F951A1 /* CategoryView.swift in Sources */ = {isa = PBXBuildFile; fileRef = 6D46A0F22C120FE700F951A1 /* CategoryView.swift */; };
		6D46A0F52C120FF400F951A1 /* ProfileView.swift in Sources */ = {isa = PBXBuildFile; fileRef = 6D46A0F42C120FF400F951A1 /* ProfileView.swift */; };
		6D46A0F72C12100800F951A1 /* SpendingView.swift in Sources */ = {isa = PBXBuildFile; fileRef = 6D46A0F62C12100800F951A1 /* SpendingView.swift */; };
		6D46A0F92C12101500F951A1 /* TransactionDetailView.swift in Sources */ = {isa = PBXBuildFile; fileRef = 6D46A0F82C12101500F951A1 /* TransactionDetailView.swift */; };
		6D46A0FB2C12106500F951A1 /* SetBudgetView.swift in Sources */ = {isa = PBXBuildFile; fileRef = 6D46A0FA2C12106500F951A1 /* SetBudgetView.swift */; };
		6D46A0FD2C12108800F951A1 /* LoginView.swift in Sources */ = {isa = PBXBuildFile; fileRef = 6D46A0FC2C12108800F951A1 /* LoginView.swift */; };
		6D46A0FF2C12109E00F951A1 /* LogoutButton.swift in Sources */ = {isa = PBXBuildFile; fileRef = 6D46A0FE2C12109E00F951A1 /* LogoutButton.swift */; };
		6D46A1022C1210BD00F951A1 /* TransactionRow.swift in Sources */ = {isa = PBXBuildFile; fileRef = 6D46A1012C1210BD00F951A1 /* TransactionRow.swift */; };
		6D46A1042C1210D800F951A1 /* OpenRealmView.swift in Sources */ = {isa = PBXBuildFile; fileRef = 6D46A1032C1210D800F951A1 /* OpenRealmView.swift */; };
		6D46A1072C12111400F951A1 /* Extensions.swift in Sources */ = {isa = PBXBuildFile; fileRef = 6D46A1062C12111400F951A1 /* Extensions.swift */; };
		6D46A1092C12112D00F951A1 /* ErrorView.swift in Sources */ = {isa = PBXBuildFile; fileRef = 6D46A1082C12112D00F951A1 /* ErrorView.swift */; };
		6D46A10B2C12168700F951A1 /* Constants.swift in Sources */ = {isa = PBXBuildFile; fileRef = 6D46A10A2C12168700F951A1 /* Constants.swift */; };
		6D46A10D2C1220BA00F951A1 /* TransactionModel.swift in Sources */ = {isa = PBXBuildFile; fileRef = 6D46A10C2C1220BA00F951A1 /* TransactionModel.swift */; };
		6D46A1102C1220F000F951A1 /* SwiftUIFontIcon in Frameworks */ = {isa = PBXBuildFile; productRef = 6D46A10F2C1220F000F951A1 /* SwiftUIFontIcon */; };
		6D46A1132C12214F00F951A1 /* SwiftUICharts in Frameworks */ = {isa = PBXBuildFile; productRef = 6D46A1122C12214F00F951A1 /* SwiftUICharts */; };
		6D46A1152C1224C200F951A1 /* AddTransactionView.swift in Sources */ = {isa = PBXBuildFile; fileRef = 6D46A1142C1224C200F951A1 /* AddTransactionView.swift */; };
		6D6697C62C338B4B00A2539E /* ServerResponses.swift in Sources */ = {isa = PBXBuildFile; fileRef = 6D6697C52C338B4B00A2539E /* ServerResponses.swift */; };
		6D6697C82C338B6400A2539E /* ServerCommunicator.swift in Sources */ = {isa = PBXBuildFile; fileRef = 6D6697C72C338B6400A2539E /* ServerCommunicator.swift */; };
		6D6697CA2C338BD600A2539E /* PlaidTestView.swift in Sources */ = {isa = PBXBuildFile; fileRef = 6D6697C92C338BD600A2539E /* PlaidTestView.swift */; };
		6D6697CC2C33B1B300A2539E /* StartLinkTestView.swift in Sources */ = {isa = PBXBuildFile; fileRef = 6D6697CB2C33B1B300A2539E /* StartLinkTestView.swift */; };
		6D6697CF2C33B38300A2539E /* LinkKit in Frameworks */ = {isa = PBXBuildFile; productRef = 6D6697CE2C33B38300A2539E /* LinkKit */; };
/* End PBXBuildFile section */

/* Begin PBXContainerItemProxy section */
		6D46A0C32C12052F00F951A1 /* PBXContainerItemProxy */ = {
			isa = PBXContainerItemProxy;
			containerPortal = 6D46A0AA2C12052D00F951A1 /* Project object */;
			proxyType = 1;
			remoteGlobalIDString = 6D46A0B12C12052D00F951A1;
			remoteInfo = Babka;
		};
		6D46A0CD2C12052F00F951A1 /* PBXContainerItemProxy */ = {
			isa = PBXContainerItemProxy;
			containerPortal = 6D46A0AA2C12052D00F951A1 /* Project object */;
			proxyType = 1;
			remoteGlobalIDString = 6D46A0B12C12052D00F951A1;
			remoteInfo = Babka;
		};
/* End PBXContainerItemProxy section */

/* Begin PBXCopyFilesBuildPhase section */
		6D46A0EB2C120C8900F951A1 /* Embed Frameworks */ = {
			isa = PBXCopyFilesBuildPhase;
			buildActionMask = 2147483647;
			dstPath = "";
			dstSubfolderSpec = 10;
			files = (
				6D46A0EA2C120C8900F951A1 /* RealmSwift in Embed Frameworks */,
			);
			name = "Embed Frameworks";
			runOnlyForDeploymentPostprocessing = 0;
		};
/* End PBXCopyFilesBuildPhase section */

/* Begin PBXFileReference section */
		6D3F6FA52C18E46A00611177 /* TransactionListViewModel.swift */ = {isa = PBXFileReference; lastKnownFileType = sourcecode.swift; path = TransactionListViewModel.swift; sourceTree = "<group>"; };
		6D46A0B22C12052D00F951A1 /* Babka.app */ = {isa = PBXFileReference; explicitFileType = wrapper.application; includeInIndex = 0; path = Babka.app; sourceTree = BUILT_PRODUCTS_DIR; };
		6D46A0B52C12052D00F951A1 /* BabkaApp.swift */ = {isa = PBXFileReference; lastKnownFileType = sourcecode.swift; path = BabkaApp.swift; sourceTree = "<group>"; };
		6D46A0B72C12052D00F951A1 /* ContentView.swift */ = {isa = PBXFileReference; lastKnownFileType = sourcecode.swift; path = ContentView.swift; sourceTree = "<group>"; };
		6D46A0B92C12052F00F951A1 /* Assets.xcassets */ = {isa = PBXFileReference; lastKnownFileType = folder.assetcatalog; path = Assets.xcassets; sourceTree = "<group>"; };
		6D46A0BC2C12052F00F951A1 /* Preview Assets.xcassets */ = {isa = PBXFileReference; lastKnownFileType = folder.assetcatalog; path = "Preview Assets.xcassets"; sourceTree = "<group>"; };
		6D46A0C22C12052F00F951A1 /* BabkaTests.xctest */ = {isa = PBXFileReference; explicitFileType = wrapper.cfbundle; includeInIndex = 0; path = BabkaTests.xctest; sourceTree = BUILT_PRODUCTS_DIR; };
		6D46A0C62C12052F00F951A1 /* BabkaTests.swift */ = {isa = PBXFileReference; lastKnownFileType = sourcecode.swift; path = BabkaTests.swift; sourceTree = "<group>"; };
		6D46A0CC2C12052F00F951A1 /* BabkaUITests.xctest */ = {isa = PBXFileReference; explicitFileType = wrapper.cfbundle; includeInIndex = 0; path = BabkaUITests.xctest; sourceTree = BUILT_PRODUCTS_DIR; };
		6D46A0D02C12052F00F951A1 /* BabkaUITests.swift */ = {isa = PBXFileReference; lastKnownFileType = sourcecode.swift; path = BabkaUITests.swift; sourceTree = "<group>"; };
		6D46A0D22C12052F00F951A1 /* BabkaUITestsLaunchTests.swift */ = {isa = PBXFileReference; lastKnownFileType = sourcecode.swift; path = BabkaUITestsLaunchTests.swift; sourceTree = "<group>"; };
		6D46A0E02C12088400F951A1 /* MongoDBConfig.swift */ = {isa = PBXFileReference; lastKnownFileType = sourcecode.swift; path = MongoDBConfig.swift; sourceTree = "<group>"; };
		6D46A0E52C12090A00F951A1 /* atlasConfig.plist */ = {isa = PBXFileReference; lastKnownFileType = text.plist.xml; path = atlasConfig.plist; sourceTree = "<group>"; };
		6D46A0F02C120FDF00F951A1 /* TransactionListView.swift */ = {isa = PBXFileReference; lastKnownFileType = sourcecode.swift; path = TransactionListView.swift; sourceTree = "<group>"; };
		6D46A0F22C120FE700F951A1 /* CategoryView.swift */ = {isa = PBXFileReference; lastKnownFileType = sourcecode.swift; path = CategoryView.swift; sourceTree = "<group>"; };
		6D46A0F42C120FF400F951A1 /* ProfileView.swift */ = {isa = PBXFileReference; lastKnownFileType = sourcecode.swift; path = ProfileView.swift; sourceTree = "<group>"; };
		6D46A0F62C12100800F951A1 /* SpendingView.swift */ = {isa = PBXFileReference; lastKnownFileType = sourcecode.swift; path = SpendingView.swift; sourceTree = "<group>"; };
		6D46A0F82C12101500F951A1 /* TransactionDetailView.swift */ = {isa = PBXFileReference; lastKnownFileType = sourcecode.swift; path = TransactionDetailView.swift; sourceTree = "<group>"; };
		6D46A0FA2C12106500F951A1 /* SetBudgetView.swift */ = {isa = PBXFileReference; lastKnownFileType = sourcecode.swift; path = SetBudgetView.swift; sourceTree = "<group>"; };
		6D46A0FC2C12108800F951A1 /* LoginView.swift */ = {isa = PBXFileReference; lastKnownFileType = sourcecode.swift; path = LoginView.swift; sourceTree = "<group>"; };
		6D46A0FE2C12109E00F951A1 /* LogoutButton.swift */ = {isa = PBXFileReference; lastKnownFileType = sourcecode.swift; path = LogoutButton.swift; sourceTree = "<group>"; };
		6D46A1012C1210BD00F951A1 /* TransactionRow.swift */ = {isa = PBXFileReference; lastKnownFileType = sourcecode.swift; path = TransactionRow.swift; sourceTree = "<group>"; };
		6D46A1032C1210D800F951A1 /* OpenRealmView.swift */ = {isa = PBXFileReference; lastKnownFileType = sourcecode.swift; path = OpenRealmView.swift; sourceTree = "<group>"; };
		6D46A1062C12111400F951A1 /* Extensions.swift */ = {isa = PBXFileReference; lastKnownFileType = sourcecode.swift; path = Extensions.swift; sourceTree = "<group>"; };
		6D46A1082C12112D00F951A1 /* ErrorView.swift */ = {isa = PBXFileReference; lastKnownFileType = sourcecode.swift; path = ErrorView.swift; sourceTree = "<group>"; };
		6D46A10A2C12168700F951A1 /* Constants.swift */ = {isa = PBXFileReference; lastKnownFileType = sourcecode.swift; path = Constants.swift; sourceTree = "<group>"; };
		6D46A10C2C1220BA00F951A1 /* TransactionModel.swift */ = {isa = PBXFileReference; lastKnownFileType = sourcecode.swift; path = TransactionModel.swift; sourceTree = "<group>"; };
		6D46A1142C1224C200F951A1 /* AddTransactionView.swift */ = {isa = PBXFileReference; lastKnownFileType = sourcecode.swift; path = AddTransactionView.swift; sourceTree = "<group>"; };
		6D6697C52C338B4B00A2539E /* ServerResponses.swift */ = {isa = PBXFileReference; lastKnownFileType = sourcecode.swift; path = ServerResponses.swift; sourceTree = "<group>"; };
		6D6697C72C338B6400A2539E /* ServerCommunicator.swift */ = {isa = PBXFileReference; lastKnownFileType = sourcecode.swift; path = ServerCommunicator.swift; sourceTree = "<group>"; };
		6D6697C92C338BD600A2539E /* PlaidTestView.swift */ = {isa = PBXFileReference; lastKnownFileType = sourcecode.swift; path = PlaidTestView.swift; sourceTree = "<group>"; };
		6D6697CB2C33B1B300A2539E /* StartLinkTestView.swift */ = {isa = PBXFileReference; lastKnownFileType = sourcecode.swift; path = StartLinkTestView.swift; sourceTree = "<group>"; };
/* End PBXFileReference section */

/* Begin PBXFrameworksBuildPhase section */
		6D46A0AF2C12052D00F951A1 /* Frameworks */ = {
			isa = PBXFrameworksBuildPhase;
			buildActionMask = 2147483647;
			files = (
				6D46A1132C12214F00F951A1 /* SwiftUICharts in Frameworks */,
				6D46A1102C1220F000F951A1 /* SwiftUIFontIcon in Frameworks */,
				6D3F6FA42C18B2F400611177 /* Collections in Frameworks */,
				6D46A0E42C1208D800F951A1 /* RealmSwift in Frameworks */,
				6D6697CF2C33B38300A2539E /* LinkKit in Frameworks */,
			);
			runOnlyForDeploymentPostprocessing = 0;
		};
		6D46A0BF2C12052F00F951A1 /* Frameworks */ = {
			isa = PBXFrameworksBuildPhase;
			buildActionMask = 2147483647;
			files = (
			);
			runOnlyForDeploymentPostprocessing = 0;
		};
		6D46A0C92C12052F00F951A1 /* Frameworks */ = {
			isa = PBXFrameworksBuildPhase;
			buildActionMask = 2147483647;
			files = (
			);
			runOnlyForDeploymentPostprocessing = 0;
		};
/* End PBXFrameworksBuildPhase section */

/* Begin PBXGroup section */
		6D46A0A92C12052D00F951A1 = {
			isa = PBXGroup;
			children = (
				6D46A0B42C12052D00F951A1 /* Babka */,
				6D46A0C52C12052F00F951A1 /* BabkaTests */,
				6D46A0CF2C12052F00F951A1 /* BabkaUITests */,
				6D46A0B32C12052D00F951A1 /* Products */,
			);
			sourceTree = "<group>";
		};
		6D46A0B32C12052D00F951A1 /* Products */ = {
			isa = PBXGroup;
			children = (
				6D46A0B22C12052D00F951A1 /* Babka.app */,
				6D46A0C22C12052F00F951A1 /* BabkaTests.xctest */,
				6D46A0CC2C12052F00F951A1 /* BabkaUITests.xctest */,
			);
			name = Products;
			sourceTree = "<group>";
		};
		6D46A0B42C12052D00F951A1 /* Babka */ = {
			isa = PBXGroup;
			children = (
				6D46A0B52C12052D00F951A1 /* BabkaApp.swift */,
				6D46A1052C1210ED00F951A1 /* Extensions */,
				6D46A0ED2C120F6400F951A1 /* Models */,
				6D46A0EC2C120F5E00F951A1 /* Views */,
				6D46A1002C1210A300F951A1 /* ViewComponents */,
				6D46A0DF2C12084800F951A1 /* Config */,
				6D46A0B92C12052F00F951A1 /* Assets.xcassets */,
				6D46A0BB2C12052F00F951A1 /* Preview Content */,
				6D46A10A2C12168700F951A1 /* Constants.swift */,
				6D3F6FA52C18E46A00611177 /* TransactionListViewModel.swift */,
				6D6697C52C338B4B00A2539E /* ServerResponses.swift */,
				6D6697C72C338B6400A2539E /* ServerCommunicator.swift */,
				6D6697C92C338BD600A2539E /* PlaidTestView.swift */,
				6D6697CB2C33B1B300A2539E /* StartLinkTestView.swift */,
			);
			path = Babka;
			sourceTree = "<group>";
		};
		6D46A0BB2C12052F00F951A1 /* Preview Content */ = {
			isa = PBXGroup;
			children = (
				6D46A0BC2C12052F00F951A1 /* Preview Assets.xcassets */,
			);
			path = "Preview Content";
			sourceTree = "<group>";
		};
		6D46A0C52C12052F00F951A1 /* BabkaTests */ = {
			isa = PBXGroup;
			children = (
				6D46A0C62C12052F00F951A1 /* BabkaTests.swift */,
			);
			path = BabkaTests;
			sourceTree = "<group>";
		};
		6D46A0CF2C12052F00F951A1 /* BabkaUITests */ = {
			isa = PBXGroup;
			children = (
				6D46A0D02C12052F00F951A1 /* BabkaUITests.swift */,
				6D46A0D22C12052F00F951A1 /* BabkaUITestsLaunchTests.swift */,
			);
			path = BabkaUITests;
			sourceTree = "<group>";
		};
		6D46A0DF2C12084800F951A1 /* Config */ = {
			isa = PBXGroup;
			children = (
				6D46A0E52C12090A00F951A1 /* atlasConfig.plist */,
				6D46A0E02C12088400F951A1 /* MongoDBConfig.swift */,
			);
			path = Config;
			sourceTree = "<group>";
		};
		6D46A0EC2C120F5E00F951A1 /* Views */ = {
			isa = PBXGroup;
			children = (
				6D46A0B72C12052D00F951A1 /* ContentView.swift */,
				6D46A0F02C120FDF00F951A1 /* TransactionListView.swift */,
				6D46A0F22C120FE700F951A1 /* CategoryView.swift */,
				6D46A0F42C120FF400F951A1 /* ProfileView.swift */,
				6D46A0F62C12100800F951A1 /* SpendingView.swift */,
				6D46A0F82C12101500F951A1 /* TransactionDetailView.swift */,
				6D46A0FA2C12106500F951A1 /* SetBudgetView.swift */,
				6D46A0FC2C12108800F951A1 /* LoginView.swift */,
				6D46A1142C1224C200F951A1 /* AddTransactionView.swift */,
			);
			path = Views;
			sourceTree = "<group>";
		};
		6D46A0ED2C120F6400F951A1 /* Models */ = {
			isa = PBXGroup;
			children = (
				6D46A10C2C1220BA00F951A1 /* TransactionModel.swift */,
			);
			path = Models;
			sourceTree = "<group>";
		};
		6D46A1002C1210A300F951A1 /* ViewComponents */ = {
			isa = PBXGroup;
			children = (
				6D46A0FE2C12109E00F951A1 /* LogoutButton.swift */,
				6D46A1012C1210BD00F951A1 /* TransactionRow.swift */,
				6D46A1032C1210D800F951A1 /* OpenRealmView.swift */,
				6D46A1082C12112D00F951A1 /* ErrorView.swift */,
			);
			path = ViewComponents;
			sourceTree = "<group>";
		};
		6D46A1052C1210ED00F951A1 /* Extensions */ = {
			isa = PBXGroup;
			children = (
				6D46A1062C12111400F951A1 /* Extensions.swift */,
			);
			path = Extensions;
			sourceTree = "<group>";
		};
/* End PBXGroup section */

/* Begin PBXNativeTarget section */
		6D46A0B12C12052D00F951A1 /* Babka */ = {
			isa = PBXNativeTarget;
			buildConfigurationList = 6D46A0D62C12052F00F951A1 /* Build configuration list for PBXNativeTarget "Babka" */;
			buildPhases = (
				6D46A0EB2C120C8900F951A1 /* Embed Frameworks */,
				6D46A0AE2C12052D00F951A1 /* Sources */,
				6D46A0AF2C12052D00F951A1 /* Frameworks */,
				6D46A0B02C12052D00F951A1 /* Resources */,
			);
			buildRules = (
			);
			dependencies = (
			);
			name = Babka;
			packageProductDependencies = (
				6D46A0E32C1208D800F951A1 /* RealmSwift */,
				6D46A10F2C1220F000F951A1 /* SwiftUIFontIcon */,
				6D46A1122C12214F00F951A1 /* SwiftUICharts */,
				6D3F6FA32C18B2F400611177 /* Collections */,
				6D6697CE2C33B38300A2539E /* LinkKit */,
			);
			productName = Babka;
			productReference = 6D46A0B22C12052D00F951A1 /* Babka.app */;
			productType = "com.apple.product-type.application";
		};
		6D46A0C12C12052F00F951A1 /* BabkaTests */ = {
			isa = PBXNativeTarget;
			buildConfigurationList = 6D46A0D92C12052F00F951A1 /* Build configuration list for PBXNativeTarget "BabkaTests" */;
			buildPhases = (
				6D46A0BE2C12052F00F951A1 /* Sources */,
				6D46A0BF2C12052F00F951A1 /* Frameworks */,
				6D46A0C02C12052F00F951A1 /* Resources */,
			);
			buildRules = (
			);
			dependencies = (
				6D46A0C42C12052F00F951A1 /* PBXTargetDependency */,
			);
			name = BabkaTests;
			productName = BabkaTests;
			productReference = 6D46A0C22C12052F00F951A1 /* BabkaTests.xctest */;
			productType = "com.apple.product-type.bundle.unit-test";
		};
		6D46A0CB2C12052F00F951A1 /* BabkaUITests */ = {
			isa = PBXNativeTarget;
			buildConfigurationList = 6D46A0DC2C12052F00F951A1 /* Build configuration list for PBXNativeTarget "BabkaUITests" */;
			buildPhases = (
				6D46A0C82C12052F00F951A1 /* Sources */,
				6D46A0C92C12052F00F951A1 /* Frameworks */,
				6D46A0CA2C12052F00F951A1 /* Resources */,
			);
			buildRules = (
			);
			dependencies = (
				6D46A0CE2C12052F00F951A1 /* PBXTargetDependency */,
			);
			name = BabkaUITests;
			productName = BabkaUITests;
			productReference = 6D46A0CC2C12052F00F951A1 /* BabkaUITests.xctest */;
			productType = "com.apple.product-type.bundle.ui-testing";
		};
/* End PBXNativeTarget section */

/* Begin PBXProject section */
		6D46A0AA2C12052D00F951A1 /* Project object */ = {
			isa = PBXProject;
			attributes = {
				BuildIndependentTargetsInParallel = 1;
				LastSwiftUpdateCheck = 1530;
				LastUpgradeCheck = 1530;
				TargetAttributes = {
					6D46A0B12C12052D00F951A1 = {
						CreatedOnToolsVersion = 15.3;
					};
					6D46A0C12C12052F00F951A1 = {
						CreatedOnToolsVersion = 15.3;
						TestTargetID = 6D46A0B12C12052D00F951A1;
					};
					6D46A0CB2C12052F00F951A1 = {
						CreatedOnToolsVersion = 15.3;
						TestTargetID = 6D46A0B12C12052D00F951A1;
					};
				};
			};
			buildConfigurationList = 6D46A0AD2C12052D00F951A1 /* Build configuration list for PBXProject "Babka" */;
			compatibilityVersion = "Xcode 14.0";
			developmentRegion = en;
			hasScannedForEncodings = 0;
			knownRegions = (
				en,
				Base,
			);
			mainGroup = 6D46A0A92C12052D00F951A1;
			packageReferences = (
				6D46A0E22C1208D800F951A1 /* XCRemoteSwiftPackageReference "realm-swift" */,
				6D46A10E2C1220F000F951A1 /* XCRemoteSwiftPackageReference "SwiftUIFontIcon" */,
				6D46A1112C12214F00F951A1 /* XCRemoteSwiftPackageReference "ChartView" */,
				6D3F6FA22C18B2F400611177 /* XCRemoteSwiftPackageReference "swift-collections" */,
				6D6697CD2C33B38300A2539E /* XCRemoteSwiftPackageReference "plaid-link-ios" */,
			);
			productRefGroup = 6D46A0B32C12052D00F951A1 /* Products */;
			projectDirPath = "";
			projectRoot = "";
			targets = (
				6D46A0B12C12052D00F951A1 /* Babka */,
				6D46A0C12C12052F00F951A1 /* BabkaTests */,
				6D46A0CB2C12052F00F951A1 /* BabkaUITests */,
			);
		};
/* End PBXProject section */

/* Begin PBXResourcesBuildPhase section */
		6D46A0B02C12052D00F951A1 /* Resources */ = {
			isa = PBXResourcesBuildPhase;
			buildActionMask = 2147483647;
			files = (
				6D46A0BD2C12052F00F951A1 /* Preview Assets.xcassets in Resources */,
				6D46A0E62C12090A00F951A1 /* atlasConfig.plist in Resources */,
				6D46A0BA2C12052F00F951A1 /* Assets.xcassets in Resources */,
			);
			runOnlyForDeploymentPostprocessing = 0;
		};
		6D46A0C02C12052F00F951A1 /* Resources */ = {
			isa = PBXResourcesBuildPhase;
			buildActionMask = 2147483647;
			files = (
			);
			runOnlyForDeploymentPostprocessing = 0;
		};
		6D46A0CA2C12052F00F951A1 /* Resources */ = {
			isa = PBXResourcesBuildPhase;
			buildActionMask = 2147483647;
			files = (
			);
			runOnlyForDeploymentPostprocessing = 0;
		};
/* End PBXResourcesBuildPhase section */

/* Begin PBXSourcesBuildPhase section */
		6D46A0AE2C12052D00F951A1 /* Sources */ = {
			isa = PBXSourcesBuildPhase;
			buildActionMask = 2147483647;
			files = (
				6D46A10D2C1220BA00F951A1 /* TransactionModel.swift in Sources */,
				6D46A1042C1210D800F951A1 /* OpenRealmView.swift in Sources */,
				6D46A10B2C12168700F951A1 /* Constants.swift in Sources */,
				6D46A0F72C12100800F951A1 /* SpendingView.swift in Sources */,
				6D46A0B82C12052D00F951A1 /* ContentView.swift in Sources */,
				6D3F6FA62C18E46A00611177 /* TransactionListViewModel.swift in Sources */,
				6D46A0E12C12088400F951A1 /* MongoDBConfig.swift in Sources */,
				6D46A1022C1210BD00F951A1 /* TransactionRow.swift in Sources */,
				6D46A0F92C12101500F951A1 /* TransactionDetailView.swift in Sources */,
				6D6697C62C338B4B00A2539E /* ServerResponses.swift in Sources */,
				6D46A0F32C120FE700F951A1 /* CategoryView.swift in Sources */,
				6D46A1152C1224C200F951A1 /* AddTransactionView.swift in Sources */,
				6D6697CC2C33B1B300A2539E /* StartLinkTestView.swift in Sources */,
				6D46A0F12C120FDF00F951A1 /* TransactionListView.swift in Sources */,
				6D46A0FF2C12109E00F951A1 /* LogoutButton.swift in Sources */,
				6D46A1072C12111400F951A1 /* Extensions.swift in Sources */,
				6D46A0F52C120FF400F951A1 /* ProfileView.swift in Sources */,
				6D46A0FD2C12108800F951A1 /* LoginView.swift in Sources */,
				6D6697CA2C338BD600A2539E /* PlaidTestView.swift in Sources */,
				6D46A0FB2C12106500F951A1 /* SetBudgetView.swift in Sources */,
				6D46A0B62C12052D00F951A1 /* BabkaApp.swift in Sources */,
				6D6697C82C338B6400A2539E /* ServerCommunicator.swift in Sources */,
				6D46A1092C12112D00F951A1 /* ErrorView.swift in Sources */,
			);
			runOnlyForDeploymentPostprocessing = 0;
		};
		6D46A0BE2C12052F00F951A1 /* Sources */ = {
			isa = PBXSourcesBuildPhase;
			buildActionMask = 2147483647;
			files = (
				6D46A0C72C12052F00F951A1 /* BabkaTests.swift in Sources */,
			);
			runOnlyForDeploymentPostprocessing = 0;
		};
		6D46A0C82C12052F00F951A1 /* Sources */ = {
			isa = PBXSourcesBuildPhase;
			buildActionMask = 2147483647;
			files = (
				6D46A0D32C12052F00F951A1 /* BabkaUITestsLaunchTests.swift in Sources */,
				6D46A0D12C12052F00F951A1 /* BabkaUITests.swift in Sources */,
			);
			runOnlyForDeploymentPostprocessing = 0;
		};
/* End PBXSourcesBuildPhase section */

/* Begin PBXTargetDependency section */
		6D46A0C42C12052F00F951A1 /* PBXTargetDependency */ = {
			isa = PBXTargetDependency;
			target = 6D46A0B12C12052D00F951A1 /* Babka */;
			targetProxy = 6D46A0C32C12052F00F951A1 /* PBXContainerItemProxy */;
		};
		6D46A0CE2C12052F00F951A1 /* PBXTargetDependency */ = {
			isa = PBXTargetDependency;
			target = 6D46A0B12C12052D00F951A1 /* Babka */;
			targetProxy = 6D46A0CD2C12052F00F951A1 /* PBXContainerItemProxy */;
		};
/* End PBXTargetDependency section */

/* Begin XCBuildConfiguration section */
		6D46A0D42C12052F00F951A1 /* Debug */ = {
			isa = XCBuildConfiguration;
			buildSettings = {
				ALWAYS_SEARCH_USER_PATHS = NO;
				ASSETCATALOG_COMPILER_GENERATE_SWIFT_ASSET_SYMBOL_EXTENSIONS = YES;
				CLANG_ANALYZER_NONNULL = YES;
				CLANG_ANALYZER_NUMBER_OBJECT_CONVERSION = YES_AGGRESSIVE;
				CLANG_CXX_LANGUAGE_STANDARD = "gnu++20";
				CLANG_ENABLE_MODULES = YES;
				CLANG_ENABLE_OBJC_ARC = YES;
				CLANG_ENABLE_OBJC_WEAK = YES;
				CLANG_WARN_BLOCK_CAPTURE_AUTORELEASING = YES;
				CLANG_WARN_BOOL_CONVERSION = YES;
				CLANG_WARN_COMMA = YES;
				CLANG_WARN_CONSTANT_CONVERSION = YES;
				CLANG_WARN_DEPRECATED_OBJC_IMPLEMENTATIONS = YES;
				CLANG_WARN_DIRECT_OBJC_ISA_USAGE = YES_ERROR;
				CLANG_WARN_DOCUMENTATION_COMMENTS = YES;
				CLANG_WARN_EMPTY_BODY = YES;
				CLANG_WARN_ENUM_CONVERSION = YES;
				CLANG_WARN_INFINITE_RECURSION = YES;
				CLANG_WARN_INT_CONVERSION = YES;
				CLANG_WARN_NON_LITERAL_NULL_CONVERSION = YES;
				CLANG_WARN_OBJC_IMPLICIT_RETAIN_SELF = YES;
				CLANG_WARN_OBJC_LITERAL_CONVERSION = YES;
				CLANG_WARN_OBJC_ROOT_CLASS = YES_ERROR;
				CLANG_WARN_QUOTED_INCLUDE_IN_FRAMEWORK_HEADER = YES;
				CLANG_WARN_RANGE_LOOP_ANALYSIS = YES;
				CLANG_WARN_STRICT_PROTOTYPES = YES;
				CLANG_WARN_SUSPICIOUS_MOVE = YES;
				CLANG_WARN_UNGUARDED_AVAILABILITY = YES_AGGRESSIVE;
				CLANG_WARN_UNREACHABLE_CODE = YES;
				CLANG_WARN__DUPLICATE_METHOD_MATCH = YES;
				COPY_PHASE_STRIP = NO;
				DEBUG_INFORMATION_FORMAT = dwarf;
				ENABLE_STRICT_OBJC_MSGSEND = YES;
				ENABLE_TESTABILITY = YES;
				ENABLE_USER_SCRIPT_SANDBOXING = YES;
				GCC_C_LANGUAGE_STANDARD = gnu17;
				GCC_DYNAMIC_NO_PIC = NO;
				GCC_NO_COMMON_BLOCKS = YES;
				GCC_OPTIMIZATION_LEVEL = 0;
				GCC_PREPROCESSOR_DEFINITIONS = (
					"DEBUG=1",
					"$(inherited)",
				);
				GCC_WARN_64_TO_32_BIT_CONVERSION = YES;
				GCC_WARN_ABOUT_RETURN_TYPE = YES_ERROR;
				GCC_WARN_UNDECLARED_SELECTOR = YES;
				GCC_WARN_UNINITIALIZED_AUTOS = YES_AGGRESSIVE;
				GCC_WARN_UNUSED_FUNCTION = YES;
				GCC_WARN_UNUSED_VARIABLE = YES;
				IPHONEOS_DEPLOYMENT_TARGET = 17.4;
				LOCALIZATION_PREFERS_STRING_CATALOGS = YES;
				MTL_ENABLE_DEBUG_INFO = INCLUDE_SOURCE;
				MTL_FAST_MATH = YES;
				ONLY_ACTIVE_ARCH = YES;
				SDKROOT = iphoneos;
				SWIFT_ACTIVE_COMPILATION_CONDITIONS = "DEBUG $(inherited)";
				SWIFT_OPTIMIZATION_LEVEL = "-Onone";
			};
			name = Debug;
		};
		6D46A0D52C12052F00F951A1 /* Release */ = {
			isa = XCBuildConfiguration;
			buildSettings = {
				ALWAYS_SEARCH_USER_PATHS = NO;
				ASSETCATALOG_COMPILER_GENERATE_SWIFT_ASSET_SYMBOL_EXTENSIONS = YES;
				CLANG_ANALYZER_NONNULL = YES;
				CLANG_ANALYZER_NUMBER_OBJECT_CONVERSION = YES_AGGRESSIVE;
				CLANG_CXX_LANGUAGE_STANDARD = "gnu++20";
				CLANG_ENABLE_MODULES = YES;
				CLANG_ENABLE_OBJC_ARC = YES;
				CLANG_ENABLE_OBJC_WEAK = YES;
				CLANG_WARN_BLOCK_CAPTURE_AUTORELEASING = YES;
				CLANG_WARN_BOOL_CONVERSION = YES;
				CLANG_WARN_COMMA = YES;
				CLANG_WARN_CONSTANT_CONVERSION = YES;
				CLANG_WARN_DEPRECATED_OBJC_IMPLEMENTATIONS = YES;
				CLANG_WARN_DIRECT_OBJC_ISA_USAGE = YES_ERROR;
				CLANG_WARN_DOCUMENTATION_COMMENTS = YES;
				CLANG_WARN_EMPTY_BODY = YES;
				CLANG_WARN_ENUM_CONVERSION = YES;
				CLANG_WARN_INFINITE_RECURSION = YES;
				CLANG_WARN_INT_CONVERSION = YES;
				CLANG_WARN_NON_LITERAL_NULL_CONVERSION = YES;
				CLANG_WARN_OBJC_IMPLICIT_RETAIN_SELF = YES;
				CLANG_WARN_OBJC_LITERAL_CONVERSION = YES;
				CLANG_WARN_OBJC_ROOT_CLASS = YES_ERROR;
				CLANG_WARN_QUOTED_INCLUDE_IN_FRAMEWORK_HEADER = YES;
				CLANG_WARN_RANGE_LOOP_ANALYSIS = YES;
				CLANG_WARN_STRICT_PROTOTYPES = YES;
				CLANG_WARN_SUSPICIOUS_MOVE = YES;
				CLANG_WARN_UNGUARDED_AVAILABILITY = YES_AGGRESSIVE;
				CLANG_WARN_UNREACHABLE_CODE = YES;
				CLANG_WARN__DUPLICATE_METHOD_MATCH = YES;
				COPY_PHASE_STRIP = NO;
				DEBUG_INFORMATION_FORMAT = "dwarf-with-dsym";
				ENABLE_NS_ASSERTIONS = NO;
				ENABLE_STRICT_OBJC_MSGSEND = YES;
				ENABLE_USER_SCRIPT_SANDBOXING = YES;
				GCC_C_LANGUAGE_STANDARD = gnu17;
				GCC_NO_COMMON_BLOCKS = YES;
				GCC_WARN_64_TO_32_BIT_CONVERSION = YES;
				GCC_WARN_ABOUT_RETURN_TYPE = YES_ERROR;
				GCC_WARN_UNDECLARED_SELECTOR = YES;
				GCC_WARN_UNINITIALIZED_AUTOS = YES_AGGRESSIVE;
				GCC_WARN_UNUSED_FUNCTION = YES;
				GCC_WARN_UNUSED_VARIABLE = YES;
				IPHONEOS_DEPLOYMENT_TARGET = 17.4;
				LOCALIZATION_PREFERS_STRING_CATALOGS = YES;
				MTL_ENABLE_DEBUG_INFO = NO;
				MTL_FAST_MATH = YES;
				SDKROOT = iphoneos;
				SWIFT_COMPILATION_MODE = wholemodule;
				VALIDATE_PRODUCT = YES;
			};
			name = Release;
		};
		6D46A0D72C12052F00F951A1 /* Debug */ = {
			isa = XCBuildConfiguration;
			buildSettings = {
				ASSETCATALOG_COMPILER_APPICON_NAME = AppIcon;
				ASSETCATALOG_COMPILER_GLOBAL_ACCENT_COLOR_NAME = AccentColor;
				CODE_SIGN_STYLE = Automatic;
				CURRENT_PROJECT_VERSION = 1;
				DEVELOPMENT_ASSET_PATHS = "\"Babka/Preview Content\"";
				DEVELOPMENT_TEAM = R6RWX9ZY6C;
				ENABLE_PREVIEWS = YES;
				GENERATE_INFOPLIST_FILE = YES;
				INFOPLIST_KEY_UIApplicationSceneManifest_Generation = YES;
				INFOPLIST_KEY_UIApplicationSupportsIndirectInputEvents = YES;
				INFOPLIST_KEY_UILaunchScreen_Generation = YES;
				INFOPLIST_KEY_UISupportedInterfaceOrientations_iPad = "UIInterfaceOrientationPortrait UIInterfaceOrientationPortraitUpsideDown UIInterfaceOrientationLandscapeLeft UIInterfaceOrientationLandscapeRight";
				INFOPLIST_KEY_UISupportedInterfaceOrientations_iPhone = "UIInterfaceOrientationPortrait UIInterfaceOrientationLandscapeLeft UIInterfaceOrientationLandscapeRight";
				LD_RUNPATH_SEARCH_PATHS = (
					"$(inherited)",
					"@executable_path/Frameworks",
				);
				MARKETING_VERSION = 1.0;
				PRODUCT_BUNDLE_IDENTIFIER = com.RoseAvalonIndustries.BabkaApp;
				PRODUCT_NAME = "$(TARGET_NAME)";
				SWIFT_EMIT_LOC_STRINGS = YES;
				SWIFT_VERSION = 5.0;
				TARGETED_DEVICE_FAMILY = "1,2";
			};
			name = Debug;
		};
		6D46A0D82C12052F00F951A1 /* Release */ = {
			isa = XCBuildConfiguration;
			buildSettings = {
				ASSETCATALOG_COMPILER_APPICON_NAME = AppIcon;
				ASSETCATALOG_COMPILER_GLOBAL_ACCENT_COLOR_NAME = AccentColor;
				CODE_SIGN_STYLE = Automatic;
				CURRENT_PROJECT_VERSION = 1;
				DEVELOPMENT_ASSET_PATHS = "\"Babka/Preview Content\"";
				DEVELOPMENT_TEAM = R6RWX9ZY6C;
				ENABLE_PREVIEWS = YES;
				GENERATE_INFOPLIST_FILE = YES;
				INFOPLIST_KEY_UIApplicationSceneManifest_Generation = YES;
				INFOPLIST_KEY_UIApplicationSupportsIndirectInputEvents = YES;
				INFOPLIST_KEY_UILaunchScreen_Generation = YES;
				INFOPLIST_KEY_UISupportedInterfaceOrientations_iPad = "UIInterfaceOrientationPortrait UIInterfaceOrientationPortraitUpsideDown UIInterfaceOrientationLandscapeLeft UIInterfaceOrientationLandscapeRight";
				INFOPLIST_KEY_UISupportedInterfaceOrientations_iPhone = "UIInterfaceOrientationPortrait UIInterfaceOrientationLandscapeLeft UIInterfaceOrientationLandscapeRight";
				LD_RUNPATH_SEARCH_PATHS = (
					"$(inherited)",
					"@executable_path/Frameworks",
				);
				MARKETING_VERSION = 1.0;
				PRODUCT_BUNDLE_IDENTIFIER = com.RoseAvalonIndustries.BabkaApp;
				PRODUCT_NAME = "$(TARGET_NAME)";
				SWIFT_EMIT_LOC_STRINGS = YES;
				SWIFT_VERSION = 5.0;
				TARGETED_DEVICE_FAMILY = "1,2";
			};
			name = Release;
		};
		6D46A0DA2C12052F00F951A1 /* Debug */ = {
			isa = XCBuildConfiguration;
			buildSettings = {
				ALWAYS_EMBED_SWIFT_STANDARD_LIBRARIES = YES;
				BUNDLE_LOADER = "$(TEST_HOST)";
				CODE_SIGN_STYLE = Automatic;
				CURRENT_PROJECT_VERSION = 1;
				DEVELOPMENT_TEAM = R6RWX9ZY6C;
				GENERATE_INFOPLIST_FILE = YES;
				IPHONEOS_DEPLOYMENT_TARGET = 17.4;
				MARKETING_VERSION = 1.0;
				PRODUCT_BUNDLE_IDENTIFIER = com.RebeccaAntonelli.BabkaTests;
				PRODUCT_NAME = "$(TARGET_NAME)";
				SWIFT_EMIT_LOC_STRINGS = NO;
				SWIFT_VERSION = 5.0;
				TARGETED_DEVICE_FAMILY = "1,2";
				TEST_HOST = "$(BUILT_PRODUCTS_DIR)/Babka.app/$(BUNDLE_EXECUTABLE_FOLDER_PATH)/Babka";
			};
			name = Debug;
		};
		6D46A0DB2C12052F00F951A1 /* Release */ = {
			isa = XCBuildConfiguration;
			buildSettings = {
				ALWAYS_EMBED_SWIFT_STANDARD_LIBRARIES = YES;
				BUNDLE_LOADER = "$(TEST_HOST)";
				CODE_SIGN_STYLE = Automatic;
				CURRENT_PROJECT_VERSION = 1;
				DEVELOPMENT_TEAM = R6RWX9ZY6C;
				GENERATE_INFOPLIST_FILE = YES;
				IPHONEOS_DEPLOYMENT_TARGET = 17.4;
				MARKETING_VERSION = 1.0;
				PRODUCT_BUNDLE_IDENTIFIER = com.RebeccaAntonelli.BabkaTests;
				PRODUCT_NAME = "$(TARGET_NAME)";
				SWIFT_EMIT_LOC_STRINGS = NO;
				SWIFT_VERSION = 5.0;
				TARGETED_DEVICE_FAMILY = "1,2";
				TEST_HOST = "$(BUILT_PRODUCTS_DIR)/Babka.app/$(BUNDLE_EXECUTABLE_FOLDER_PATH)/Babka";
			};
			name = Release;
		};
		6D46A0DD2C12052F00F951A1 /* Debug */ = {
			isa = XCBuildConfiguration;
			buildSettings = {
				ALWAYS_EMBED_SWIFT_STANDARD_LIBRARIES = YES;
				CODE_SIGN_STYLE = Automatic;
				CURRENT_PROJECT_VERSION = 1;
				DEVELOPMENT_TEAM = R6RWX9ZY6C;
				GENERATE_INFOPLIST_FILE = YES;
				MARKETING_VERSION = 1.0;
				PRODUCT_BUNDLE_IDENTIFIER = com.RebeccaAntonelli.BabkaUITests;
				PRODUCT_NAME = "$(TARGET_NAME)";
				SWIFT_EMIT_LOC_STRINGS = NO;
				SWIFT_VERSION = 5.0;
				TARGETED_DEVICE_FAMILY = "1,2";
				TEST_TARGET_NAME = Babka;
			};
			name = Debug;
		};
		6D46A0DE2C12052F00F951A1 /* Release */ = {
			isa = XCBuildConfiguration;
			buildSettings = {
				ALWAYS_EMBED_SWIFT_STANDARD_LIBRARIES = YES;
				CODE_SIGN_STYLE = Automatic;
				CURRENT_PROJECT_VERSION = 1;
				DEVELOPMENT_TEAM = R6RWX9ZY6C;
				GENERATE_INFOPLIST_FILE = YES;
				MARKETING_VERSION = 1.0;
				PRODUCT_BUNDLE_IDENTIFIER = com.RebeccaAntonelli.BabkaUITests;
				PRODUCT_NAME = "$(TARGET_NAME)";
				SWIFT_EMIT_LOC_STRINGS = NO;
				SWIFT_VERSION = 5.0;
				TARGETED_DEVICE_FAMILY = "1,2";
				TEST_TARGET_NAME = Babka;
			};
			name = Release;
		};
/* End XCBuildConfiguration section */

/* Begin XCConfigurationList section */
		6D46A0AD2C12052D00F951A1 /* Build configuration list for PBXProject "Babka" */ = {
			isa = XCConfigurationList;
			buildConfigurations = (
				6D46A0D42C12052F00F951A1 /* Debug */,
				6D46A0D52C12052F00F951A1 /* Release */,
			);
			defaultConfigurationIsVisible = 0;
			defaultConfigurationName = Release;
		};
		6D46A0D62C12052F00F951A1 /* Build configuration list for PBXNativeTarget "Babka" */ = {
			isa = XCConfigurationList;
			buildConfigurations = (
				6D46A0D72C12052F00F951A1 /* Debug */,
				6D46A0D82C12052F00F951A1 /* Release */,
			);
			defaultConfigurationIsVisible = 0;
			defaultConfigurationName = Release;
		};
		6D46A0D92C12052F00F951A1 /* Build configuration list for PBXNativeTarget "BabkaTests" */ = {
			isa = XCConfigurationList;
			buildConfigurations = (
				6D46A0DA2C12052F00F951A1 /* Debug */,
				6D46A0DB2C12052F00F951A1 /* Release */,
			);
			defaultConfigurationIsVisible = 0;
			defaultConfigurationName = Release;
		};
		6D46A0DC2C12052F00F951A1 /* Build configuration list for PBXNativeTarget "BabkaUITests" */ = {
			isa = XCConfigurationList;
			buildConfigurations = (
				6D46A0DD2C12052F00F951A1 /* Debug */,
				6D46A0DE2C12052F00F951A1 /* Release */,
			);
			defaultConfigurationIsVisible = 0;
			defaultConfigurationName = Release;
		};
/* End XCConfigurationList section */

/* Begin XCRemoteSwiftPackageReference section */
		6D3F6FA22C18B2F400611177 /* XCRemoteSwiftPackageReference "swift-collections" */ = {
			isa = XCRemoteSwiftPackageReference;
			repositoryURL = "https://github.com/apple/swift-collections.git";
			requirement = {
				kind = upToNextMajorVersion;
				minimumVersion = 1.1.1;
			};
		};
		6D46A0E22C1208D800F951A1 /* XCRemoteSwiftPackageReference "realm-swift" */ = {
			isa = XCRemoteSwiftPackageReference;
			repositoryURL = "https://github.com/realm/realm-swift.git";
			requirement = {
				branch = master;
				kind = branch;
			};
		};
		6D46A10E2C1220F000F951A1 /* XCRemoteSwiftPackageReference "SwiftUIFontIcon" */ = {
			isa = XCRemoteSwiftPackageReference;
			repositoryURL = "https://github.com/huybuidac/SwiftUIFontIcon";
			requirement = {
				kind = upToNextMajorVersion;
				minimumVersion = 2.1.0;
			};
		};
		6D46A1112C12214F00F951A1 /* XCRemoteSwiftPackageReference "ChartView" */ = {
			isa = XCRemoteSwiftPackageReference;
			repositoryURL = "https://github.com/AppPear/ChartView";
			requirement = {
				kind = upToNextMajorVersion;
				minimumVersion = 1.5.5;
			};
		};
		6D6697CD2C33B38300A2539E /* XCRemoteSwiftPackageReference "plaid-link-ios" */ = {
			isa = XCRemoteSwiftPackageReference;
			repositoryURL = "https://github.com/plaid/plaid-link-ios";
			requirement = {
				kind = upToNextMajorVersion;
				minimumVersion = 5.6.0;
			};
		};
/* End XCRemoteSwiftPackageReference section */

/* Begin XCSwiftPackageProductDependency section */
		6D3F6FA32C18B2F400611177 /* Collections */ = {
			isa = XCSwiftPackageProductDependency;
			package = 6D3F6FA22C18B2F400611177 /* XCRemoteSwiftPackageReference "swift-collections" */;
			productName = Collections;
		};
		6D46A0E32C1208D800F951A1 /* RealmSwift */ = {
			isa = XCSwiftPackageProductDependency;
			package = 6D46A0E22C1208D800F951A1 /* XCRemoteSwiftPackageReference "realm-swift" */;
			productName = RealmSwift;
		};
		6D46A10F2C1220F000F951A1 /* SwiftUIFontIcon */ = {
			isa = XCSwiftPackageProductDependency;
			package = 6D46A10E2C1220F000F951A1 /* XCRemoteSwiftPackageReference "SwiftUIFontIcon" */;
			productName = SwiftUIFontIcon;
		};
		6D46A1122C12214F00F951A1 /* SwiftUICharts */ = {
			isa = XCSwiftPackageProductDependency;
			package = 6D46A1112C12214F00F951A1 /* XCRemoteSwiftPackageReference "ChartView" */;
			productName = SwiftUICharts;
		};
		6D6697CE2C33B38300A2539E /* LinkKit */ = {
			isa = XCSwiftPackageProductDependency;
			package = 6D6697CD2C33B38300A2539E /* XCRemoteSwiftPackageReference "plaid-link-ios" */;
			productName = LinkKit;
		};
/* End XCSwiftPackageProductDependency section */
	};
	rootObject = 6D46A0AA2C12052D00F951A1 /* Project object */;
}
